
Microsoft Visual Studio Solution File, Format Version 12.00
# Visual Studio Version 17
VisualStudioVersion = 17.11.35312.102
MinimumVisualStudioVersion = 10.0.40219.1
Project("{9A19103F-16F7-4668-BE54-9A1E7A4F7556}") = "MVCLibraryManage", "MVCLibraryManage\MVCLibraryManage.csproj", "{CE680D39-A9F5-47CF-931A-84A54C896296}"
EndProject
Project("{2150E333-8FDC-42A3-9474-1A3956D46DE8}") = "Solution Items", "Solution Items", "{0CDFF319-B01C-44CE-BBFD-B98D371BB2C5}"
	ProjectSection(SolutionItems) = preProject
		.editorconfig = .editorconfig
	EndProjectSection
EndProject
Global
	GlobalSection(SolutionConfigurationPlatforms) = preSolution
		Debug|Any CPU = Debug|Any CPU
		Release|Any CPU = Release|Any CPU
	EndGlobalSection
	GlobalSection(ProjectConfigurationPlatforms) = postSolution
		{CE680D39-A9F5-47CF-931A-84A54C896296}.Debug|Any CPU.ActiveCfg = Debug|Any CPU
		{CE680D39-A9F5-47CF-931A-84A54C896296}.Debug|Any CPU.Build.0 = Debug|Any CPU
		{CE680D39-A9F5-47CF-931A-84A54C896296}.Release|Any CPU.ActiveCfg = Release|Any CPU
		{CE680D39-A9F5-47CF-931A-84A54C896296}.Release|Any CPU.Build.0 = Release|Any CPU
	EndGlobalSection
	GlobalSection(SolutionProperties) = preSolution
		HideSolutionNode = FALSE
	EndGlobalSection
	GlobalSection(ExtensibilityGlobals) = postSolution
		SolutionGuid = {68691573-951F-4CA5-8A96-D3B64160DA52}
	EndGlobalSection
EndGlobal
